{
  "name": "infra",
  "version": "1.0.0",
  "lockfileVersion": 3,
  "requires": true,
  "packages": {
    "": {
      "name": "infra",
      "version": "1.0.0",
      "devDependencies": {
        "@aws-appsync/utils": "^1.1.0"
      }
    },
    "node_modules/@aws-appsync/utils": {
      "version": "1.1.0",
      "resolved": "https://registry.npmjs.org/@aws-appsync/utils/-/utils-1.1.0.tgz",
      "integrity": "sha512-tCAMRU5Oy+L7GNTmHfC0L5Cwk4xbtR0ssP19nMO8sG4MbcJwgoeyK/9A35Vrvix1XWNPxEEVG1ltBC6jBhtaPw==",
      "dev": true
    }
  }
}
